
Microsoft Visual Studio Solution File, Format Version 12.00
# Visual Studio Version 16
VisualStudioVersion = 16.0.29926.136
MinimumVisualStudioVersion = 10.0.40219.1
Project("{8BC9CEB8-8B4A-11D0-8D11-00A0C91BC942}") = "test", "test\test.vcxproj", "{6F640663-25F4-4422-9987-6684F73A1472}"
EndProject
Project("{8BC9CEB8-8B4A-11D0-8D11-00A0C91BC942}") = "d_lib", "d_lib\d_lib.vcxproj", "{2C76DF72-6100-4B4D-9165-73D8A3D02749}"
EndProject
Project("{8BC9CEB8-8B4A-11D0-8D11-00A0C91BC942}") = "s_lib", "s_lib\s_lib.vcxproj", "{C61DCA52-0663-4DDB-98FE-E9559430AA6F}"
EndProject
Global
	GlobalSection(SolutionConfigurationPlatforms) = preSolution
		Debug|ARM = Debug|ARM
		Debug|ARM64 = Debug|ARM64
		Debug|x64 = Debug|x64
		Debug|x86 = Debug|x86
		Release|ARM = Release|ARM
		Release|ARM64 = Release|ARM64
		Release|x64 = Release|x64
		Release|x86 = Release|x86
	EndGlobalSection
	GlobalSection(ProjectConfigurationPlatforms) = postSolution
		{6F640663-25F4-4422-9987-6684F73A1472}.Debug|ARM.ActiveCfg = Debug|ARM
		{6F640663-25F4-4422-9987-6684F73A1472}.Debug|ARM.Build.0 = Debug|ARM
		{6F640663-25F4-4422-9987-6684F73A1472}.Debug|ARM.Deploy.0 = Debug|ARM
		{6F640663-25F4-4422-9987-6684F73A1472}.Debug|ARM64.ActiveCfg = Debug|ARM64
		{6F640663-25F4-4422-9987-6684F73A1472}.Debug|ARM64.Build.0 = Debug|ARM64
		{6F640663-25F4-4422-9987-6684F73A1472}.Debug|ARM64.Deploy.0 = Debug|ARM64
		{6F640663-25F4-4422-9987-6684F73A1472}.Debug|x64.ActiveCfg = Debug|x64
		{6F640663-25F4-4422-9987-6684F73A1472}.Debug|x64.Build.0 = Debug|x64
		{6F640663-25F4-4422-9987-6684F73A1472}.Debug|x64.Deploy.0 = Debug|x64
		{6F640663-25F4-4422-9987-6684F73A1472}.Debug|x86.ActiveCfg = Debug|x86
		{6F640663-25F4-4422-9987-6684F73A1472}.Debug|x86.Build.0 = Debug|x86
		{6F640663-25F4-4422-9987-6684F73A1472}.Debug|x86.Deploy.0 = Debug|x86
		{6F640663-25F4-4422-9987-6684F73A1472}.Release|ARM.ActiveCfg = Release|ARM
		{6F640663-25F4-4422-9987-6684F73A1472}.Release|ARM.Build.0 = Release|ARM
		{6F640663-25F4-4422-9987-6684F73A1472}.Release|ARM.Deploy.0 = Release|ARM
		{6F640663-25F4-4422-9987-6684F73A1472}.Release|ARM64.ActiveCfg = Release|ARM64
		{6F640663-25F4-4422-9987-6684F73A1472}.Release|ARM64.Build.0 = Release|ARM64
		{6F640663-25F4-4422-9987-6684F73A1472}.Release|ARM64.Deploy.0 = Release|ARM64
		{6F640663-25F4-4422-9987-6684F73A1472}.Release|x64.ActiveCfg = Release|x64
		{6F640663-25F4-4422-9987-6684F73A1472}.Release|x64.Build.0 = Release|x64
		{6F640663-25F4-4422-9987-6684F73A1472}.Release|x64.Deploy.0 = Release|x64
		{6F640663-25F4-4422-9987-6684F73A1472}.Release|x86.ActiveCfg = Release|x86
		{6F640663-25F4-4422-9987-6684F73A1472}.Release|x86.Build.0 = Release|x86
		{6F640663-25F4-4422-9987-6684F73A1472}.Release|x86.Deploy.0 = Release|x86
		{2C76DF72-6100-4B4D-9165-73D8A3D02749}.Debug|ARM.ActiveCfg = Debug|ARM
		{2C76DF72-6100-4B4D-9165-73D8A3D02749}.Debug|ARM.Build.0 = Debug|ARM
		{2C76DF72-6100-4B4D-9165-73D8A3D02749}.Debug|ARM.Deploy.0 = Debug|ARM
		{2C76DF72-6100-4B4D-9165-73D8A3D02749}.Debug|ARM64.ActiveCfg = Debug|ARM64
		{2C76DF72-6100-4B4D-9165-73D8A3D02749}.Debug|ARM64.Build.0 = Debug|ARM64
		{2C76DF72-6100-4B4D-9165-73D8A3D02749}.Debug|ARM64.Deploy.0 = Debug|ARM64
		{2C76DF72-6100-4B4D-9165-73D8A3D02749}.Debug|x64.ActiveCfg = Debug|x64
		{2C76DF72-6100-4B4D-9165-73D8A3D02749}.Debug|x64.Build.0 = Debug|x64
		{2C76DF72-6100-4B4D-9165-73D8A3D02749}.Debug|x64.Deploy.0 = Debug|x64
		{2C76DF72-6100-4B4D-9165-73D8A3D02749}.Debug|x86.ActiveCfg = Debug|x86
		{2C76DF72-6100-4B4D-9165-73D8A3D02749}.Debug|x86.Build.0 = Debug|x86
		{2C76DF72-6100-4B4D-9165-73D8A3D02749}.Debug|x86.Deploy.0 = Debug|x86
		{2C76DF72-6100-4B4D-9165-73D8A3D02749}.Release|ARM.ActiveCfg = Release|ARM
		{2C76DF72-6100-4B4D-9165-73D8A3D02749}.Release|ARM.Build.0 = Release|ARM
		{2C76DF72-6100-4B4D-9165-73D8A3D02749}.Release|ARM.Deploy.0 = Release|ARM
		{2C76DF72-6100-4B4D-9165-73D8A3D02749}.Release|ARM64.ActiveCfg = Release|ARM64
		{2C76DF72-6100-4B4D-9165-73D8A3D02749}.Release|ARM64.Build.0 = Release|ARM64
		{2C76DF72-6100-4B4D-9165-73D8A3D02749}.Release|ARM64.Deploy.0 = Release|ARM64
		{2C76DF72-6100-4B4D-9165-73D8A3D02749}.Release|x64.ActiveCfg = Release|x64
		{2C76DF72-6100-4B4D-9165-73D8A3D02749}.Release|x64.Build.0 = Release|x64
		{2C76DF72-6100-4B4D-9165-73D8A3D02749}.Release|x64.Deploy.0 = Release|x64
		{2C76DF72-6100-4B4D-9165-73D8A3D02749}.Release|x86.ActiveCfg = Release|x86
		{2C76DF72-6100-4B4D-9165-73D8A3D02749}.Release|x86.Build.0 = Release|x86
		{2C76DF72-6100-4B4D-9165-73D8A3D02749}.Release|x86.Deploy.0 = Release|x86
		{C61DCA52-0663-4DDB-98FE-E9559430AA6F}.Debug|ARM.ActiveCfg = Debug|ARM
		{C61DCA52-0663-4DDB-98FE-E9559430AA6F}.Debug|ARM.Build.0 = Debug|ARM
		{C61DCA52-0663-4DDB-98FE-E9559430AA6F}.Debug|ARM.Deploy.0 = Debug|ARM
		{C61DCA52-0663-4DDB-98FE-E9559430AA6F}.Debug|ARM64.ActiveCfg = Debug|ARM64
		{C61DCA52-0663-4DDB-98FE-E9559430AA6F}.Debug|ARM64.Build.0 = Debug|ARM64
		{C61DCA52-0663-4DDB-98FE-E9559430AA6F}.Debug|ARM64.Deploy.0 = Debug|ARM64
		{C61DCA52-0663-4DDB-98FE-E9559430AA6F}.Debug|x64.ActiveCfg = Debug|x64
		{C61DCA52-0663-4DDB-98FE-E9559430AA6F}.Debug|x64.Build.0 = Debug|x64
		{C61DCA52-0663-4DDB-98FE-E9559430AA6F}.Debug|x64.Deploy.0 = Debug|x64
		{C61DCA52-0663-4DDB-98FE-E9559430AA6F}.Debug|x86.ActiveCfg = Debug|x86
		{C61DCA52-0663-4DDB-98FE-E9559430AA6F}.Debug|x86.Build.0 = Debug|x86
		{C61DCA52-0663-4DDB-98FE-E9559430AA6F}.Debug|x86.Deploy.0 = Debug|x86
		{C61DCA52-0663-4DDB-98FE-E9559430AA6F}.Release|ARM.ActiveCfg = Release|ARM
		{C61DCA52-0663-4DDB-98FE-E9559430AA6F}.Release|ARM.Build.0 = Release|ARM
		{C61DCA52-0663-4DDB-98FE-E9559430AA6F}.Release|ARM.Deploy.0 = Release|ARM
		{C61DCA52-0663-4DDB-98FE-E9559430AA6F}.Release|ARM64.ActiveCfg = Release|ARM64
		{C61DCA52-0663-4DDB-98FE-E9559430AA6F}.Release|ARM64.Build.0 = Release|ARM64
		{C61DCA52-0663-4DDB-98FE-E9559430AA6F}.Release|ARM64.Deploy.0 = Release|ARM64
		{C61DCA52-0663-4DDB-98FE-E9559430AA6F}.Release|x64.ActiveCfg = Release|x64
		{C61DCA52-0663-4DDB-98FE-E9559430AA6F}.Release|x64.Build.0 = Release|x64
		{C61DCA52-0663-4DDB-98FE-E9559430AA6F}.Release|x64.Deploy.0 = Release|x64
		{C61DCA52-0663-4DDB-98FE-E9559430AA6F}.Release|x86.ActiveCfg = Release|x86
		{C61DCA52-0663-4DDB-98FE-E9559430AA6F}.Release|x86.Build.0 = Release|x86
		{C61DCA52-0663-4DDB-98FE-E9559430AA6F}.Release|x86.Deploy.0 = Release|x86
	EndGlobalSection
	GlobalSection(SolutionProperties) = preSolution
		HideSolutionNode = FALSE
	EndGlobalSection
	GlobalSection(ExtensibilityGlobals) = postSolution
		SolutionGuid = {53858CE3-235D-4E2E-9D02-BF7C4BFEE3BA}
	EndGlobalSection
EndGlobal
